
Microsoft Visual Studio Solution File, Format Version 11.00
# Visual Studio 2010
Project("{FAE04EC0-301F-11D3-BF4B-00C04F79EFBC}") = "Supermercado", "Supermercado\Supermercado.csproj", "{6D872507-A303-4B44-B1F2-B66D1453092C}"
EndProject
Global
	GlobalSection(SolutionConfigurationPlatforms) = preSolution
		Debug|x86 = Debug|x86
		Release|x86 = Release|x86
	EndGlobalSection
	GlobalSection(ProjectConfigurationPlatforms) = postSolution
		{6D872507-A303-4B44-B1F2-B66D1453092C}.Debug|x86.ActiveCfg = Debug|x86
		{6D872507-A303-4B44-B1F2-B66D1453092C}.Debug|x86.Build.0 = Debug|x86
		{6D872507-A303-4B44-B1F2-B66D1453092C}.Release|x86.ActiveCfg = Release|x86
		{6D872507-A303-4B44-B1F2-B66D1453092C}.Release|x86.Build.0 = Release|x86
	EndGlobalSection
	GlobalSection(SolutionProperties) = preSolution
		HideSolutionNode = FALSE
	EndGlobalSection
EndGlobal
